
Microsoft Visual Studio Solution File, Format Version 12.00
# Visual Studio Version 17
VisualStudioVersion = 17.12.35707.178
MinimumVisualStudioVersion = 10.0.40219.1
Project("{FAE04EC0-301F-11D3-BF4B-00C04F79EFBC}") = "RobotsWarApp2", "RobotsWarApp2\RobotsWarApp2.csproj", "{590D75AE-1CE8-401A-AC44-A5088B5F4115}"
EndProject
Project("{FAE04EC0-301F-11D3-BF4B-00C04F79EFBC}") = "RobotApp", "ConsoleApp1\RobotApp.csproj", "{DCB4C03E-06D0-4307-95BF-847C07E4A85D}"
EndProject
Global
	GlobalSection(SolutionConfigurationPlatforms) = preSolution
		Debug|Any CPU = Debug|Any CPU
		Release|Any CPU = Release|Any CPU
	EndGlobalSection
	GlobalSection(ProjectConfigurationPlatforms) = postSolution
		{590D75AE-1CE8-401A-AC44-A5088B5F4115}.Debug|Any CPU.ActiveCfg = Debug|Any CPU
		{590D75AE-1CE8-401A-AC44-A5088B5F4115}.Debug|Any CPU.Build.0 = Debug|Any CPU
		{590D75AE-1CE8-401A-AC44-A5088B5F4115}.Release|Any CPU.ActiveCfg = Release|Any CPU
		{590D75AE-1CE8-401A-AC44-A5088B5F4115}.Release|Any CPU.Build.0 = Release|Any CPU
		{DCB4C03E-06D0-4307-95BF-847C07E4A85D}.Debug|Any CPU.ActiveCfg = Debug|Any CPU
		{DCB4C03E-06D0-4307-95BF-847C07E4A85D}.Debug|Any CPU.Build.0 = Debug|Any CPU
		{DCB4C03E-06D0-4307-95BF-847C07E4A85D}.Release|Any CPU.ActiveCfg = Release|Any CPU
		{DCB4C03E-06D0-4307-95BF-847C07E4A85D}.Release|Any CPU.Build.0 = Release|Any CPU
	EndGlobalSection
	GlobalSection(SolutionProperties) = preSolution
		HideSolutionNode = FALSE
	EndGlobalSection
EndGlobal
